
Microsoft Visual Studio Solution File, Format Version 12.00
# Visual Studio Version 17
VisualStudioVersion = 17.8.34330.188
MinimumVisualStudioVersion = 10.0.40219.1
Project("{FAE04EC0-301F-11D3-BF4B-00C04F79EFBC}") = "SocialNetwork", "SocialNetwork.csproj", "{C859A807-9D9C-4CCD-987F-94E84678FA98}"
EndProject
Global
	GlobalSection(SolutionConfigurationPlatforms) = preSolution
		Debug|Any CPU = Debug|Any CPU
		Release|Any CPU = Release|Any CPU
	EndGlobalSection
	GlobalSection(ProjectConfigurationPlatforms) = postSolution
		{C859A807-9D9C-4CCD-987F-94E84678FA98}.Debug|Any CPU.ActiveCfg = Debug|Any CPU
		{C859A807-9D9C-4CCD-987F-94E84678FA98}.Debug|Any CPU.Build.0 = Debug|Any CPU
		{C859A807-9D9C-4CCD-987F-94E84678FA98}.Release|Any CPU.ActiveCfg = Release|Any CPU
		{C859A807-9D9C-4CCD-987F-94E84678FA98}.Release|Any CPU.Build.0 = Release|Any CPU
	EndGlobalSection
	GlobalSection(SolutionProperties) = preSolution
		HideSolutionNode = FALSE
	EndGlobalSection
	GlobalSection(ExtensibilityGlobals) = postSolution
		SolutionGuid = {074B1DB4-2BCE-4660-85FB-757D3F81A586}
	EndGlobalSection
EndGlobal
